
Microsoft Visual Studio Solution File, Format Version 12.00
# Visual Studio Version 16
VisualStudioVersion = 16.0.29728.190
MinimumVisualStudioVersion = 10.0.40219.1
Project("{FAE04EC0-301F-11D3-BF4B-00C04F79EFBC}") = "9.TelegramBot", "9.TelegramBot\9.TelegramBot.csproj", "{7982E9E1-63F3-471F-9F57-F23FACDF430F}"
EndProject
Global
	GlobalSection(SolutionConfigurationPlatforms) = preSolution
		Debug|Any CPU = Debug|Any CPU
		Release|Any CPU = Release|Any CPU
	EndGlobalSection
	GlobalSection(ProjectConfigurationPlatforms) = postSolution
		{7982E9E1-63F3-471F-9F57-F23FACDF430F}.Debug|Any CPU.ActiveCfg = Debug|Any CPU
		{7982E9E1-63F3-471F-9F57-F23FACDF430F}.Debug|Any CPU.Build.0 = Debug|Any CPU
		{7982E9E1-63F3-471F-9F57-F23FACDF430F}.Release|Any CPU.ActiveCfg = Release|Any CPU
		{7982E9E1-63F3-471F-9F57-F23FACDF430F}.Release|Any CPU.Build.0 = Release|Any CPU
	EndGlobalSection
	GlobalSection(SolutionProperties) = preSolution
		HideSolutionNode = FALSE
	EndGlobalSection
	GlobalSection(ExtensibilityGlobals) = postSolution
		SolutionGuid = {7C8A947B-9DCE-4661-BA3B-8AA541615391}
	EndGlobalSection
EndGlobal
